
Microsoft Visual Studio Solution File, Format Version 12.00
# Visual Studio 15
VisualStudioVersion = 15.0.28307.539
MinimumVisualStudioVersion = 10.0.40219.1
Project("{FAE04EC0-301F-11D3-BF4B-00C04F79EFBC}") = "ConsoleApp1", "ConsoleApp1\ConsoleApp1.csproj", "{F08E2846-6F32-4EE0-AE4F-7626366A0C1C}"
EndProject
Global
	GlobalSection(SolutionConfigurationPlatforms) = preSolution
		Debug|Any CPU = Debug|Any CPU
		Release|Any CPU = Release|Any CPU
	EndGlobalSection
	GlobalSection(ProjectConfigurationPlatforms) = postSolution
		{F08E2846-6F32-4EE0-AE4F-7626366A0C1C}.Debug|Any CPU.ActiveCfg = Debug|Any CPU
		{F08E2846-6F32-4EE0-AE4F-7626366A0C1C}.Debug|Any CPU.Build.0 = Debug|Any CPU
		{F08E2846-6F32-4EE0-AE4F-7626366A0C1C}.Release|Any CPU.ActiveCfg = Release|Any CPU
		{F08E2846-6F32-4EE0-AE4F-7626366A0C1C}.Release|Any CPU.Build.0 = Release|Any CPU
	EndGlobalSection
	GlobalSection(SolutionProperties) = preSolution
		HideSolutionNode = FALSE
	EndGlobalSection
	GlobalSection(ExtensibilityGlobals) = postSolution
		SolutionGuid = {D38D5CA7-6E57-4B43-9830-86CFC0667B54}
	EndGlobalSection
EndGlobal
